github.com/ZhaoxingZhang/geeorm v0.0.0-20210122204620-e0dedde867ac h1:lQvZ5wMCJm/2IjAZDvYsUXlXJSNcquiLSEnvIT8lutc=
github.com/ZhaoxingZhang/geeorm v0.0.0-20210122204620-e0dedde867ac/go.mod h1:Xqx9Swr/fn7CdSRxBCm1JWmsvSenxK7RHfrM7Jb+sxA=
github.com/mattn/go-sqlite3 v1.14.6/go.mod h1:NyWgC/yNuGj7Q9rpYnZvas74GogHl5/Z4A/KQRfk6bU=
